version = 1
revision = 3
requires-python = "==3.10.*"

[[package]]
name = "bbos"
version = "0.0.1"
source = { editable = "../../../" }
dependencies = [
    { name = "numpy" },
    { name = "posix-ipc" },
]

[package.metadata]
requires-dist = [
    { name = "bbos", extras = ["torch"], marker = "extra == 'whisper-trt'" },
    { name = "numpy" },
    { name = "onnx", marker = "extra == 'onnx'", specifier = ">=1.15.0", index = "https://pypi.jetson-ai-lab.io/jp6/cu126" },
    { name = "onnxruntime-gpu", marker = "extra == 'onnx'", specifier = ">=1.16.0", index = "https://pypi.jetson-ai-lab.io/jp6/cu126" },
    { name = "openai-whisper", marker = "extra == 'whisper-trt'", git = "https://github.com/Bracket-Bot-Inc/whisper.git" },
    { name = "posix-ipc" },
    { name = "pycuda", marker = "extra == 'onnx'", specifier = ">=2024.1" },
    { name = "torch", marker = "extra == 'torch'", specifier = ">=2.0.0", index = "https://pypi.jetson-ai-lab.io/jp6/cu126" },
    { name = "torch2trt", marker = "extra == 'whisper-trt'", git = "https://github.com/Bracket-Bot-Inc/torch2trt.git" },
    { name = "torchvision", marker = "extra == 'torch'", specifier = ">=0.24.1" },
    { name = "whisper-trt", marker = "extra == 'whisper-trt'", git = "https://github.com/Bracket-Bot-Inc/whisper_trt.git" },
]
provides-extras = ["onnx", "torch", "whisper-trt"]

[[package]]
name = "bbos-daemon-wakeword"
version = "0.0.0"
source = { editable = "." }
dependencies = [
    { name = "bbos" },
    { name = "numpy" },
    { name = "onnxruntime" },
    { name = "posix-ipc" },
]

[package.metadata]
requires-dist = [
    { name = "bbos", editable = "../../../" },
    { name = "numpy", specifier = "==2.2.6" },
    { name = "onnxruntime", specifier = "==1.23.2" },
    { name = "posix-ipc", specifier = "==1.3.2" },
]

[[package]]
name = "coloredlogs"
version = "15.0.1"
source = { registry = "https://pypi.org/simple" }
dependencies = [
    { name = "humanfriendly" },
]
sdist = { url = "https://files.pythonhosted.org/packages/cc/c7/eed8f27100517e8c0e6b923d5f0845d0cb99763da6fdee00478f91db7325/coloredlogs-15.0.1.tar.gz", hash = "sha256:7c991aa71a4577af2f82600d8f8f3a89f936baeaf9b50a9c197da014e5bf16b0", size = 278520, upload-time = "2021-06-11T10:22:45.202Z" }
wheels = [
    { url = "https://files.pythonhosted.org/packages/a7/06/3d6badcf13db419e25b07041d9c7b4a2c331d3f4e7134445ec5df57714cd/coloredlogs-15.0.1-py2.py3-none-any.whl", hash = "sha256:612ee75c546f53e92e70049c9dbfcc18c935a2b9a53b66085ce9ef6a6e5c0934", size = 46018, upload-time = "2021-06-11T10:22:42.561Z" },
]

[[package]]
name = "flatbuffers"
version = "25.12.19"
source = { registry = "https://pypi.org/simple" }
wheels = [
    { url = "https://files.pythonhosted.org/packages/e8/2d/d2a548598be01649e2d46231d151a6c56d10b964d94043a335ae56ea2d92/flatbuffers-25.12.19-py2.py3-none-any.whl", hash = "sha256:7634f50c427838bb021c2d66a3d1168e9d199b0607e6329399f04846d42e20b4", size = 26661, upload-time = "2025-12-19T23:16:13.622Z" },
]

[[package]]
name = "humanfriendly"
version = "10.0"
source = { registry = "https://pypi.org/simple" }
dependencies = [
    { name = "pyreadline3", marker = "sys_platform == 'win32'" },
]
sdist = { url = "https://files.pythonhosted.org/packages/cc/3f/2c29224acb2e2df4d2046e4c73ee2662023c58ff5b113c4c1adac0886c43/humanfriendly-10.0.tar.gz", hash = "sha256:6b0b831ce8f15f7300721aa49829fc4e83921a9a301cc7f606be6686a2288ddc", size = 360702, upload-time = "2021-09-17T21:40:43.31Z" }
wheels = [
    { url = "https://files.pythonhosted.org/packages/f0/0f/310fb31e39e2d734ccaa2c0fb981ee41f7bd5056ce9bc29b2248bd569169/humanfriendly-10.0-py2.py3-none-any.whl", hash = "sha256:1697e1a8a8f550fd43c2865cd84542fc175a61dcb779b6fee18cf6b6ccba1477", size = 86794, upload-time = "2021-09-17T21:40:39.897Z" },
]

[[package]]
name = "mpmath"
version = "1.3.0"
source = { registry = "https://pypi.org/simple" }
sdist = { url = "https://files.pythonhosted.org/packages/e0/47/dd32fa426cc72114383ac549964eecb20ecfd886d1e5ccf5340b55b02f57/mpmath-1.3.0.tar.gz", hash = "sha256:7a28eb2a9774d00c7bc92411c19a89209d5da7c4c9a9e227be8330a23a25b91f", size = 508106, upload-time = "2023-03-07T16:47:11.061Z" }
wheels = [
    { url = "https://files.pythonhosted.org/packages/43/e3/7d92a15f894aa0c9c4b49b8ee9ac9850d6e63b03c9c32c0367a13ae62209/mpmath-1.3.0-py3-none-any.whl", hash = "sha256:a0b2b9fe80bbcd81a6647ff13108738cfb482d481d826cc0e02f5b35e5c88d2c", size = 536198, upload-time = "2023-03-07T16:47:09.197Z" },
]

[[package]]
name = "numpy"
version = "2.2.6"
source = { registry = "https://pypi.org/simple" }
sdist = { url = "https://files.pythonhosted.org/packages/76/21/7d2a95e4bba9dc13d043ee156a356c0a8f0c6309dff6b21b4d71a073b8a8/numpy-2.2.6.tar.gz", hash = "sha256:e29554e2bef54a90aa5cc07da6ce955accb83f21ab5de01a62c8478897b264fd", size = 20276440, upload-time = "2025-05-17T22:38:04.611Z" }
wheels = [
    { url = "https://files.pythonhosted.org/packages/9a/3e/ed6db5be21ce87955c0cbd3009f2803f59fa08df21b5df06862e2d8e2bdd/numpy-2.2.6-cp310-cp310-macosx_10_9_x86_64.whl", hash = "sha256:b412caa66f72040e6d268491a59f2c43bf03eb6c96dd8f0307829feb7fa2b6fb", size = 21165245, upload-time = "2025-05-17T21:27:58.555Z" },
    { url = "https://files.pythonhosted.org/packages/22/c2/4b9221495b2a132cc9d2eb862e21d42a009f5a60e45fc44b00118c174bff/numpy-2.2.6-cp310-cp310-macosx_11_0_arm64.whl", hash = "sha256:8e41fd67c52b86603a91c1a505ebaef50b3314de0213461c7a6e99c9a3beff90", size = 14360048, upload-time = "2025-05-17T21:28:21.406Z" },
    { url = "https://files.pythonhosted.org/packages/fd/77/dc2fcfc66943c6410e2bf598062f5959372735ffda175b39906d54f02349/numpy-2.2.6-cp310-cp310-macosx_14_0_arm64.whl", hash = "sha256:37e990a01ae6ec7fe7fa1c26c55ecb672dd98b19c3d0e1d1f326fa13cb38d163", size = 5340542, upload-time = "2025-05-17T21:28:30.931Z" },
    { url = "https://files.pythonhosted.org/packages/7a/4f/1cb5fdc353a5f5cc7feb692db9b8ec2c3d6405453f982435efc52561df58/numpy-2.2.6-cp310-cp310-macosx_14_0_x86_64.whl", hash = "sha256:5a6429d4be8ca66d889b7cf70f536a397dc45ba6faeb5f8c5427935d9592e9cf", size = 6878301, upload-time = "2025-05-17T21:28:41.613Z" },
    { url = "https://files.pythonhosted.org/packages/eb/17/96a3acd228cec142fcb8723bd3cc39c2a474f7dcf0a5d16731980bcafa95/numpy-2.2.6-cp310-cp310-manylinux_2_17_aarch64.manylinux2014_aarch64.whl", hash = "sha256:efd28d4e9cd7d7a8d39074a4d44c63eda73401580c5c76acda2ce969e0a38e83", size = 14297320, upload-time = "2025-05-17T21:29:02.78Z" },
    { url = "https://files.pythonhosted.org/packages/b4/63/3de6a34ad7ad6646ac7d2f55ebc6ad439dbbf9c4370017c50cf403fb19b5/numpy-2.2.6-cp310-cp310-manylinux_2_17_x86_64.manylinux2014_x86_64.whl", hash = "sha256:fc7b73d02efb0e18c000e9ad8b83480dfcd5dfd11065997ed4c6747470ae8915", size = 16801050, upload-time = "2025-05-17T21:29:27.675Z" },
    { url = "https://files.pythonhosted.org/packages/07/b6/89d837eddef52b3d0cec5c6ba0456c1bf1b9ef6a6672fc2b7873c3ec4e2e/numpy-2.2.6-cp310-cp310-musllinux_1_2_aarch64.whl", hash = "sha256:74d4531beb257d2c3f4b261bfb0fc09e0f9ebb8842d82a7b4209415896adc680", size = 15807034, upload-time = "2025-05-17T21:29:51.102Z" },
    { url = "https://files.pythonhosted.org/packages/01/c8/dc6ae86e3c61cfec1f178e5c9f7858584049b6093f843bca541f94120920/numpy-2.2.6-cp310-cp310-musllinux_1_2_x86_64.whl", hash = "sha256:8fc377d995680230e83241d8a96def29f204b5782f371c532579b4f20607a289", size = 18614185, upload-time = "2025-05-17T21:30:18.703Z" },
    { url = "https://files.pythonhosted.org/packages/5b/c5/0064b1b7e7c89137b471ccec1fd2282fceaae0ab3a9550f2568782d80357/numpy-2.2.6-cp310-cp310-win32.whl", hash = "sha256:b093dd74e50a8cba3e873868d9e93a85b78e0daf2e98c6797566ad8044e8363d", size = 6527149, upload-time = "2025-05-17T21:30:29.788Z" },
    { url = "https://files.pythonhosted.org/packages/a3/dd/4b822569d6b96c39d1215dbae0582fd99954dcbcf0c1a13c61783feaca3f/numpy-2.2.6-cp310-cp310-win_amd64.whl", hash = "sha256:f0fd6321b839904e15c46e0d257fdd101dd7f530fe03fd6359c1ea63738703f3", size = 12904620, upload-time = "2025-05-17T21:30:48.994Z" },
    { url = "https://files.pythonhosted.org/packages/9e/3b/d94a75f4dbf1ef5d321523ecac21ef23a3cd2ac8b78ae2aac40873590229/numpy-2.2.6-pp310-pypy310_pp73-macosx_10_15_x86_64.whl", hash = "sha256:0b605b275d7bd0c640cad4e5d30fa701a8d59302e127e5f79138ad62762c3e3d", size = 21040391, upload-time = "2025-05-17T21:44:35.948Z" },
    { url = "https://files.pythonhosted.org/packages/17/f4/09b2fa1b58f0fb4f7c7963a1649c64c4d315752240377ed74d9cd878f7b5/numpy-2.2.6-pp310-pypy310_pp73-macosx_14_0_x86_64.whl", hash = "sha256:7befc596a7dc9da8a337f79802ee8adb30a552a94f792b9c9d18c840055907db", size = 6786754, upload-time = "2025-05-17T21:44:47.446Z" },
    { url = "https://files.pythonhosted.org/packages/af/30/feba75f143bdc868a1cc3f44ccfa6c4b9ec522b36458e738cd00f67b573f/numpy-2.2.6-pp310-pypy310_pp73-manylinux_2_17_x86_64.manylinux2014_x86_64.whl", hash = "sha256:ce47521a4754c8f4593837384bd3424880629f718d87c5d44f8ed763edd63543", size = 16643476, upload-time = "2025-05-17T21:45:11.871Z" },
    { url = "https://files.pythonhosted.org/packages/37/48/ac2a9584402fb6c0cd5b5d1a91dcf176b15760130dd386bbafdbfe3640bf/numpy-2.2.6-pp310-pypy310_pp73-win_amd64.whl", hash = "sha256:d042d24c90c41b54fd506da306759e06e568864df8ec17ccc17e9e884634fd00", size = 12812666, upload-time = "2025-05-17T21:45:31.426Z" },
]

[[package]]
name = "onnxruntime"
version = "1.23.2"
source = { registry = "https://pypi.org/simple" }
dependencies = [
    { name = "coloredlogs" },
    { name = "flatbuffers" },
    { name = "numpy" },
    { name = "packaging" },
    { name = "protobuf" },
    { name = "sympy" },
]
wheels = [
    { url = "https://files.pythonhosted.org/packages/35/d6/311b1afea060015b56c742f3531168c1644650767f27ef40062569960587/onnxruntime-1.23.2-cp310-cp310-macosx_13_0_arm64.whl", hash = "sha256:a7730122afe186a784660f6ec5807138bf9d792fa1df76556b27307ea9ebcbe3", size = 17195934, upload-time = "2025-10-27T23:06:14.143Z" },
    { url = "https://files.pythonhosted.org/packages/db/db/81bf3d7cecfbfed9092b6b4052e857a769d62ed90561b410014e0aae18db/onnxruntime-1.23.2-cp310-cp310-macosx_13_0_x86_64.whl", hash = "sha256:b28740f4ecef1738ea8f807461dd541b8287d5650b5be33bca7b474e3cbd1f36", size = 19153079, upload-time = "2025-10-27T23:05:57.686Z" },
    { url = "https://files.pythonhosted.org/packages/2e/4d/a382452b17cf70a2313153c520ea4c96ab670c996cb3a95cc5d5ac7bfdac/onnxruntime-1.23.2-cp310-cp310-manylinux_2_27_aarch64.manylinux_2_28_aarch64.whl", hash = "sha256:8f7d1fe034090a1e371b7f3ca9d3ccae2fabae8c1d8844fb7371d1ea38e8e8d2", size = 15219883, upload-time = "2025-10-22T03:46:21.66Z" },
    { url = "https://files.pythonhosted.org/packages/fb/56/179bf90679984c85b417664c26aae4f427cba7514bd2d65c43b181b7b08b/onnxruntime-1.23.2-cp310-cp310-manylinux_2_27_x86_64.manylinux_2_28_x86_64.whl", hash = "sha256:4ca88747e708e5c67337b0f65eed4b7d0dd70d22ac332038c9fc4635760018f7", size = 17370357, upload-time = "2025-10-22T03:46:57.968Z" },
    { url = "https://files.pythonhosted.org/packages/cd/6d/738e50c47c2fd285b1e6c8083f15dac1a5f6199213378a5f14092497296d/onnxruntime-1.23.2-cp310-cp310-win_amd64.whl", hash = "sha256:0be6a37a45e6719db5120e9986fcd30ea205ac8103fd1fb74b6c33348327a0cc", size = 13467651, upload-time = "2025-10-27T23:06:11.904Z" },
]

[[package]]
name = "packaging"
version = "26.3"
source = { registry = "https://pypi.org/simple" }
sdist = { url = "https://files.pythonhosted.org/packages/7d/fa/3944b40b07da9ce895c0e6303a5ab7d53da063554f534556b134a54d6093/packaging-26.3.tar.gz", hash = "sha256:94edc256424af38762eb31306eed28beb9f0efc50a8837492c9d6fd6004aed79", size = 313412, upload-time = "2026-08-04T18:15:28.737Z" }
wheels = [
    { url = "https://files.pythonhosted.org/packages/63/34/ba1c580383c9eada3711951fef0795c80b829a078d72188184bcab9dd527/packaging-26.3-py3-none-any.whl", hash = "sha256:d7193f7c8e4e93f444fde0262bf90af30e16fa0ad0ad44cb553c87339b23cd1c", size = 129956, upload-time = "2026-08-04T18:15:27.159Z" },
]

[[package]]
name = "posix-ipc"
version = "1.3.2"
source = { registry = "https://pypi.org/simple" }
sdist = { url = "https://files.pythonhosted.org/packages/40/59/56be08bcd98bcb8bd2ec3de7dea4a8da3bde63b17974896ed2b91c9a4fb7/posix_ipc-1.3.2.tar.gz", hash = "sha256:6923232111329954a8349f7d99f212b6e96b5206e77fbd39aaf1b3cb4a5e9260", size = 99370, upload-time = "2025-10-23T02:14:37.234Z" }
wheels = [
    { url = "https://files.pythonhosted.org/packages/67/1d/801032cf397325bcd10c37f393965e0297017ad897cf7e87059e744d85eb/posix_ipc-1.3.2-cp310-cp310-macosx_10_9_x86_64.whl", hash = "sha256:874cafa41705fe01148655adad35748b7430eedf9403bd9ab418b54e7687729c", size = 11748, upload-time = "2025-10-23T02:13:24.606Z" },
    { url = "https://files.pythonhosted.org/packages/e7/65/247232ad9172e94e9d6c021cb8aba613f3a04bd67cf8070ffa70a1564374/posix_ipc-1.3.2-cp310-cp310-macosx_11_0_arm64.whl", hash = "sha256:be96ab8a553ff135cd06fb29f46a5324cd52c6d36598896f2c07e6d5a0dc58c5", size = 12053, upload-time = "2025-10-23T02:13:25.838Z" },
    { url = "https://files.pythonhosted.org/packages/23/58/cd3ae0520a5ee1a26f9969344c5c65d40f08776bc193624cf2862010b181/posix_ipc-1.3.2-cp310-cp310-manylinux_2_17_aarch64.manylinux2014_aarch64.whl", hash = "sha256:0eae38de775bade7131b6f4638c634591db2740239581ef9d7b7baebeeac72b9", size = 50638, upload-time = "2025-10-23T02:13:26.932Z" },
    { url = "https://files.pythonhosted.org/packages/91/4d/a308da8bdd5cbfe006e653596dd4ee4b68eebc816b9521c392021fc7086a/posix_ipc-1.3.2-cp310-cp310-manylinux_2_5_i686.manylinux1_i686.manylinux_2_17_i686.manylinux2014_i686.whl", hash = "sha256:0d678aea92aee928f371333a26625bcb34fe2b39e0360ceb7d0d8ae783ed2bc6", size = 46886, upload-time = "2025-10-23T02:13:27.737Z" },
    { url = "https://files.pythonhosted.org/packages/bf/de/afa7a75494f5d59fe7dc512998cd567fdc7e62c8e1facf950bf061135182/posix_ipc-1.3.2-cp310-cp310-manylinux_2_5_x86_64.manylinux1_x86_64.manylinux_2_17_x86_64.manylinux2014_x86_64.whl", hash = "sha256:a3ccddc7a892135a59b0377a97e30cb1b4ed681330594187c6ca3ab7714fd54b", size = 51306, upload-time = "2025-10-23T02:13:28.927Z" },
    { url = "https://files.pythonhosted.org/packages/a5/79/f6875dcac93024d2ca10bf2bddfc9a03db4efe035b11cfeff1aa79815335/posix_ipc-1.3.2-cp310-cp310-musllinux_1_2_aarch64.whl", hash = "sha256:4f258d4d14b928a44c37db908faa484477793dbd519b9bf7369f0616ed37cb98", size = 49427, upload-time = "2025-10-23T02:13:30.181Z" },
    { url = "https://files.pythonhosted.org/packages/00/2c/517a5f58ac07aad14db763e14f99faa7cdf753a248db68ad73b45f613219/posix_ipc-1.3.2-cp310-cp310-musllinux_1_2_i686.whl", hash = "sha256:16266d9739fea17b3bcc331aa3c7785cbd60f34068de57d9a7d1ff2a7e0b3f51", size = 46377, upload-time = "2025-10-23T02:13:31.082Z" },
    { url = "https://files.pythonhosted.org/packages/3a/f9/2c9581f89f5c4856a7e6b4e21840a622ca393650308ca3373cf9b0c211b2/posix_ipc-1.3.2-cp310-cp310-musllinux_1_2_x86_64.whl", hash = "sha256:0f70e2921a08cadb5c35cd9761f748885f96706fed7b1df911add4dec8795163", size = 49312, upload-time = "2025-10-23T02:13:32.165Z" },
    { url = "https://files.pythonhosted.org/packages/07/fe/9b5b92f958f5cc318a4a6618a702cb538c91aa6134a17a8c4631d3ff47f8/posix_ipc-1.3.2-pp310-pypy310_pp73-macosx_10_15_x86_64.whl", hash = "sha256:0b50bd6666e852cbc94d211d93b90aa1855060b7c206f49d5fdbdf4757b52bb8", size = 11336, upload-time = "2025-10-23T02:14:17.153Z" },
    { url = "https://files.pythonhosted.org/packages/4f/7e/a56330c2086684c7a06dd5b324190302723ab7aa1499b94738cdcc071a04/posix_ipc-1.3.2-pp310-pypy310_pp73-macosx_11_0_arm64.whl", hash = "sha256:b5ba32ffd207180548ebcbfd9bb5f7cdc927f73f80c492fb1dc8a91468118969", size = 11535, upload-time = "2025-10-23T02:14:17.861Z" },
    { url = "https://files.pythonhosted.org/packages/9e/8f/1d884cd1ba5cb80d16f244154bd69479bfffc40328ac45d3026a96a3b9ba/posix_ipc-1.3.2-pp310-pypy310_pp73-manylinux_2_17_aarch64.manylinux2014_aarch64.whl", hash = "sha256:16637b72cb7e968ebe14a3b21e0390ef973d15824c9191dc13008391135ce977", size = 19684, upload-time = "2025-10-23T02:14:18.546Z" },
    { url = "https://files.pythonhosted.org/packages/38/a2/698c192f722bd90ba96b059b0dd9141a813d3493c71ca86f3a53df621be2/posix_ipc-1.3.2-pp310-pypy310_pp73-manylinux_2_5_i686.manylinux1_i686.manylinux_2_17_i686.manylinux2014_i686.whl", hash = "sha256:2ff277fe106ef992c14ee8440f835169e6b52851c9fafd36f6c0fea0e109641d", size = 20746, upload-time = "2025-10-23T02:14:19.291Z" },
    { url = "https://files.pythonhosted.org/packages/1b/77/408b50898e159678d6c587c682aec3549a892a67b1d6f9197937f140cf32/posix_ipc-1.3.2-pp310-pypy310_pp73-manylinux_2_5_x86_64.manylinux1_x86_64.manylinux_2_17_x86_64.manylinux2014_x86_64.whl", hash = "sha256:8b5c8b84f4778f0920bda59248bb573541b63e9f628f5d3f5ad9cb5aba155012", size = 20282, upload-time = "2025-10-23T02:14:20.011Z" },
]

[[package]]
name = "protobuf"
version = "7.36.1"
source = { registry = "https://pypi.org/simple" }
sdist = { url = "https://files.pythonhosted.org/packages/86/73/f66c748df06e7fe24e658eddd600d19c4b40bad836c97ce2d0ad9851fb6b/protobuf-7.36.1.tar.gz", hash = "sha256:d0f6470f0ce2b84e3feaea2d4b816378b37ba4d4aa08a274305373de93e2d524", size = 512499, upload-time = "2026-08-31T22:40:04.667Z" }
wheels = [
    { url = "https://files.pythonhosted.org/packages/f7/6c/3a54a58f2948b0f485df9ecdd06590f15d0a7abf46a89d50c3de709ff4ff/protobuf-7.36.1-cp310-abi3-macosx_10_9_universal2.whl", hash = "sha256:3cf2ee25d006cee57294a1196ea43b37feb78e0dcd1e8af5c1aeddb777655aca", size = 456046, upload-time = "2026-08-31T22:39:56.865Z" },
    { url = "https://files.pythonhosted.org/packages/6e/08/9f9548793c771095245c0eeaf0c84b76b16a5ef26158043d456f551344a0/protobuf-7.36.1-cp310-abi3-manylinux2014_aarch64.whl", hash = "sha256:43d3d37b1eb24c113b9b7d02008cac44e423f00b611b7781ae998d7623972969", size = 344226, upload-time = "2026-08-31T22:39:58.263Z" },
    { url = "https://files.pythonhosted.org/packages/fe/51/1bdbd612fa3c51e42ea6f45d05e84dc748ddcd2663e1aa1e89a00a33facd/protobuf-7.36.1-cp310-abi3-manylinux2014_s390x.whl", hash = "sha256:39c518c05586c016d7874ff6079ee115bcec1ea5fbb1d177fbf7867ef4c67e44", size = 357229, upload-time = "2026-08-31T22:39:59.198Z" },
    { url = "https://files.pythonhosted.org/packages/22/df/c799fe7a05ef16ba853a59db01f3a2c5f7d0676469589ccc4874f76a2a88/protobuf-7.36.1-cp310-abi3-manylinux2014_x86_64.whl", hash = "sha256:97198b77e369a0abd8e262b8f6c7266c55ddb796a3a12c76d7b8881188ed83aa", size = 343228, upload-time = "2026-08-31T22:40:00.179Z" },
    { url = "https://files.pythonhosted.org/packages/3d/33/d4724ec5d86d496fe4108e220618aa0837ad3423a7af7ccdd9684ccc77c8/protobuf-7.36.1-cp310-abi3-win32.whl", hash = "sha256:0b53ce95272aad50ad25d7ff03373743209822e8ba42ea7fad27d2bee1547d00", size = 443002, upload-time = "2026-08-31T22:40:01.32Z" },
    { url = "https://files.pythonhosted.org/packages/db/37/155788a0d8daded960375af604202805308169f9b859419ea0aa370946e2/protobuf-7.36.1-cp310-abi3-win_amd64.whl", hash = "sha256:51139351435d9b43d88a55eaa49fb6f737fbb478fb0cbf2cf694d1a04a9d3363", size = 456518, upload-time = "2026-08-31T22:40:02.494Z" },
    { url = "https://files.pythonhosted.org/packages/39/ca/c47f91d3cab175b01fd8c4f0d80fdf8613be876cc616e66ad281a59c5ddf/protobuf-7.36.1-py3-none-any.whl", hash = "sha256:7d951e46b3f963d6c264c367c437921de9d5aedd9c3f9612b9077736b4e3ad5c", size = 179813, upload-time = "2026-08-31T22:40:03.54Z" },
]

[[package]]
name = "pyreadline3"
version = "3.5.6"
source = { registry = "https://pypi.org/simple" }
sdist = { url = "https://files.pythonhosted.org/packages/b6/6d/f94028646d7bbe6d9d873c47ee7c246f2d29129d253f0d96cb6fcab70733/pyreadline3-3.5.6.tar.gz", hash = "sha256:61e53218b99656091ddb077df9e71f25850e72e030b6183b39c9b7e6e4f4a9bf", size = 100368, upload-time = "2026-05-14T17:55:04.471Z" }
wheels = [
    { url = "https://files.pythonhosted.org/packages/f7/5e/35c856e186b74678c24927847ad9895a51f1bc02a0c6126477a6c6040064/pyreadline3-3.5.6-py3-none-any.whl", hash = "sha256:8449b734232e42a5dcd74048e39b60db2839a4c38cf3ae2bf7707d58b5389c0d", size = 85243, upload-time = "2026-05-14T17:55:03.262Z" },
]

[[package]]
name = "sympy"
version = "1.14.0"
source = { registry = "https://pypi.org/simple" }
dependencies = [
    { name = "mpmath" },
]
sdist = { url = "https://files.pythonhosted.org/packages/83/d3/803453b36afefb7c2bb238361cd4ae6125a569b4db67cd9e79846ba2d68c/sympy-1.14.0.tar.gz", hash = "sha256:d3d3fe8df1e5a0b42f0e7bdf50541697dbe7d23746e894990c030e2b05e72517", size = 7793921, upload-time = "2025-04-27T18:05:01.611Z" }
wheels = [
    { url = "https://files.pythonhosted.org/packages/a2/09/77d55d46fd61b4a135c444fc97158ef34a095e5681d0a6c10b75bf356191/sympy-1.14.0-py3-none-any.whl", hash = "sha256:e091cc3e99d2141a0ba2847328f5479b05d94a6635cb96148ccb3f34671bd8f5", size = 6299353, upload-time = "2025-04-27T18:04:59.103Z" },
]
