version = 1
revision = 2
requires-python = "==3.11.*"

[[package]]
name = "annotated-doc"
version = "0.0.4"
source = { registry = "https://pypi.org/simple" }
sdist = { url = "https://files.pythonhosted.org/packages/57/ba/046ceea27344560984e26a590f90bc7f4a75b06701f653222458922b558c/annotated_doc-0.0.4.tar.gz", hash = "sha256:fbcda96e87e9c92ad167c2e53839e57503ecfda18804ea28102353485033faa4", size = 7288, upload-time = "2025-11-10T22:07:42.062Z" }
wheels = [
    { url = "https://files.pythonhosted.org/packages/1e/d3/26bf1008eb3d2daa8ef4cacc7f3bfdc11818d111f7e2d0201bc6e3b49d45/annotated_doc-0.0.4-py3-none-any.whl", hash = "sha256:571ac1dc6991c450b25a9c2d84a3705e2ae7a53467b5d111c24fa8baabbed320", size = 5303, upload-time = "2025-11-10T22:07:40.673Z" },
]

[[package]]
name = "annotated-types"
version = "0.7.0"
source = { registry = "https://pypi.org/simple" }
sdist = { url = "https://files.pythonhosted.org/packages/ee/67/531ea369ba64dcff5ec9c3402f9f51bf748cec26dde048a2f973a4eea7f5/annotated_types-0.7.0.tar.gz", hash = "sha256:aff07c09a53a08bc8cfccb9c85b05f1aa9a2a6f23728d790723543408344ce89", size = 16081, upload-time = "2024-05-20T21:33:25.928Z" }
wheels = [
    { url = "https://files.pythonhosted.org/packages/78/b6/6307fbef88d9b5ee7421e68d78a9f162e0da4900bc5f5793f6d3d0e34fb8/annotated_types-0.7.0-py3-none-any.whl", hash = "sha256:1f02e8b43a8fbbc3f3e0d4f0f4bfc8131bcb4eebe8849b8e5c773f3a1c582a53", size = 13643, upload-time = "2024-05-20T21:33:24.1Z" },
]

[[package]]
name = "anyio"
version = "4.13.0"
source = { registry = "https://pypi.org/simple" }
dependencies = [
    { name = "idna" },
    { name = "typing-extensions" },
]
sdist = { url = "https://files.pythonhosted.org/packages/19/14/2c5dd9f512b66549ae92767a9c7b330ae88e1932ca57876909410251fe13/anyio-4.13.0.tar.gz", hash = "sha256:334b70e641fd2221c1505b3890c69882fe4a2df910cba14d97019b90b24439dc", size = 231622, upload-time = "2026-03-24T12:59:09.671Z" }
wheels = [
    { url = "https://files.pythonhosted.org/packages/da/42/e921fccf5015463e32a3cf6ee7f980a6ed0f395ceeaa45060b61d86486c2/anyio-4.13.0-py3-none-any.whl", hash = "sha256:08b310f9e24a9594186fd75b4f73f4a4152069e3853f1ed8bfbf58369f4ad708", size = 114353, upload-time = "2026-03-24T12:59:08.246Z" },
]

[[package]]
name = "bbos"
version = "0.0.1"
source = { editable = "../../../" }
dependencies = [
    { name = "numpy" },
    { name = "posix-ipc" },
]

[package.metadata]
requires-dist = [
    { name = "bbos", extras = ["torch"], marker = "extra == 'whisper-trt'" },
    { name = "numpy" },
    { name = "onnx", marker = "extra == 'onnx'", specifier = ">=1.15.0", index = "https://pypi.jetson-ai-lab.io/jp6/cu126" },
    { name = "onnxruntime-gpu", marker = "extra == 'onnx'", specifier = ">=1.16.0", index = "https://pypi.jetson-ai-lab.io/jp6/cu126" },
    { name = "openai-whisper", marker = "extra == 'whisper-trt'", git = "https://github.com/Bracket-Bot-Inc/whisper.git" },
    { name = "posix-ipc" },
    { name = "pycuda", marker = "extra == 'onnx'", specifier = ">=2024.1" },
    { name = "torch", marker = "extra == 'torch'", specifier = ">=2.0.0", index = "https://pypi.jetson-ai-lab.io/jp6/cu126" },
    { name = "torch2trt", marker = "extra == 'whisper-trt'", git = "https://github.com/Bracket-Bot-Inc/torch2trt.git" },
    { name = "torchvision", marker = "extra == 'torch'", specifier = ">=0.24.1" },
    { name = "whisper-trt", marker = "extra == 'whisper-trt'", git = "https://github.com/Bracket-Bot-Inc/whisper_trt.git" },
]
provides-extras = ["onnx", "torch", "whisper-trt"]

[[package]]
name = "bbos-daemon-camera"
version = "0.0.0"
source = { editable = "." }
dependencies = [
    { name = "bbos" },
    { name = "fastapi" },
    { name = "numpy" },
    { name = "opencv-python" },
    { name = "pillow" },
    { name = "posix-ipc" },
    { name = "pyturbojpeg" },
    { name = "qrcode" },
    { name = "uvicorn" },
    { name = "v4l2-python3" },
]

[package.metadata]
requires-dist = [
    { name = "bbos", editable = "../../../" },
    { name = "fastapi", specifier = "==0.136.3" },
    { name = "numpy", specifier = "==2.4.6" },
    { name = "opencv-python", specifier = "==4.13.0.92" },
    { name = "pillow", specifier = "==12.2.0" },
    { name = "posix-ipc", specifier = "==1.3.2" },
    { name = "pyturbojpeg", specifier = "==2.2.0" },
    { name = "qrcode", specifier = "==8.2" },
    { name = "uvicorn", specifier = "==0.48.0" },
    { name = "v4l2-python3", specifier = "==0.3.5" },
]

[[package]]
name = "click"
version = "8.4.1"
source = { registry = "https://pypi.org/simple" }
dependencies = [
    { name = "colorama", marker = "sys_platform == 'win32'" },
]
sdist = { url = "https://files.pythonhosted.org/packages/9b/98/518d8e5081007684232226f475082b30087d0f585e8457db087298259f49/click-8.4.1.tar.gz", hash = "sha256:918b5633eddf6b41c32d4f454bf0de810065c74e3f7dbf8ee5452f8be88d3e96", size = 353007, upload-time = "2026-05-22T04:08:37.769Z" }
wheels = [
    { url = "https://files.pythonhosted.org/packages/c7/0d/67e5b4109ea4a837e80daa87c2c696711955e40449a97e8926672534def2/click-8.4.1-py3-none-any.whl", hash = "sha256:482be17c6991b8c19c5429a1e995d9b0efdbb63172824c41f99965dc0ade8ec2", size = 116639, upload-time = "2026-05-22T04:08:35.26Z" },
]

[[package]]
name = "colorama"
version = "0.4.6"
source = { registry = "https://pypi.org/simple" }
sdist = { url = "https://files.pythonhosted.org/packages/d8/53/6f443c9a4a8358a93a6792e2acffb9d9d5cb0a5cfd8802644b7b1c9a02e4/colorama-0.4.6.tar.gz", hash = "sha256:08695f5cb7ed6e0531a20572697297273c47b8cae5a63ffc6d6ed5c201be6e44", size = 27697, upload-time = "2022-10-25T02:36:22.414Z" }
wheels = [
    { url = "https://files.pythonhosted.org/packages/d1/d6/3965ed04c63042e047cb6a3e6ed1a63a35087b6a609aa3a15ed8ac56c221/colorama-0.4.6-py2.py3-none-any.whl", hash = "sha256:4f1d9991f5acc0ca119f9d443620b77f9d6b33703e51011c16baf57afb285fc6", size = 25335, upload-time = "2022-10-25T02:36:20.889Z" },
]

[[package]]
name = "fastapi"
version = "0.136.3"
source = { registry = "https://pypi.org/simple" }
dependencies = [
    { name = "annotated-doc" },
    { name = "pydantic" },
    { name = "starlette" },
    { name = "typing-extensions" },
    { name = "typing-inspection" },
]
sdist = { url = "https://files.pythonhosted.org/packages/81/2d/ff8d91d7b564d464629a0fd50a4489c97fcb836ac230bf3a7269232a9b1f/fastapi-0.136.3.tar.gz", hash = "sha256:e487fae93ad408e6f47641ee4dfe389864fd7bec92e547ea8498fc13f43e83ab", size = 396410, upload-time = "2026-05-23T18:53:15.192Z" }
wheels = [
    { url = "https://files.pythonhosted.org/packages/e0/82/45359b62a067409bd929ae8a56b8ed13e5a8c8a61194b3c236920999ab83/fastapi-0.136.3-py3-none-any.whl", hash = "sha256:3d2a69bdf04b7e9f3afa292c3bc7a98816bbfafa10bc9b45f3f3700d2f761620", size = 117481, upload-time = "2026-05-23T18:53:16.924Z" },
]

[[package]]
name = "h11"
version = "0.16.0"
source = { registry = "https://pypi.org/simple" }
sdist = { url = "https://files.pythonhosted.org/packages/01/ee/02a2c011bdab74c6fb3c75474d40b3052059d95df7e73351460c8588d963/h11-0.16.0.tar.gz", hash = "sha256:4e35b956cf45792e4caa5885e69fba00bdbc6ffafbfa020300e549b208ee5ff1", size = 101250, upload-time = "2025-04-24T03:35:25.427Z" }
wheels = [
    { url = "https://files.pythonhosted.org/packages/04/4b/29cac41a4d98d144bf5f6d33995617b185d14b22401f75ca86f384e87ff1/h11-0.16.0-py3-none-any.whl", hash = "sha256:63cf8bbe7522de3bf65932fda1d9c2772064ffb3dae62d55932da54b31cb6c86", size = 37515, upload-time = "2025-04-24T03:35:24.344Z" },
]

[[package]]
name = "idna"
version = "3.18"
source = { registry = "https://pypi.org/simple" }
sdist = { url = "https://files.pythonhosted.org/packages/cd/63/9496c57188a2ee585e0f1db071d75089a11e98aa86eb99d9d7618fc1edce/idna-3.18.tar.gz", hash = "sha256:ffb385a7e039654cef1ab9ef32c6fafe283c0c0467bba1d9029738ce4a14a848", size = 196711, upload-time = "2026-06-02T14:34:07.794Z" }
wheels = [
    { url = "https://files.pythonhosted.org/packages/1e/5e/d4e9f1a599fb8e573b7b87160658329fbf28d19eac2718f51fc3def3aa5a/idna-3.18-py3-none-any.whl", hash = "sha256:7f952cbe720b688055e3f87de14f5c3e5fdaa8bc3928985c4077ca689de849a2", size = 65455, upload-time = "2026-06-02T14:34:06.319Z" },
]

[[package]]
name = "numpy"
version = "2.4.6"
source = { registry = "https://pypi.org/simple" }
sdist = { url = "https://files.pythonhosted.org/packages/d0/ad/fed0499ce6a338d2a03ebae59cd15093910c8875328855781952abf6c2fe/numpy-2.4.6.tar.gz", hash = "sha256:f3a3570c4a2a16746ac2c31a7c7c7b0c186b95ce902e33db6f28094ed7387dda", size = 20735807, upload-time = "2026-05-18T23:37:14.07Z" }
wheels = [
    { url = "https://files.pythonhosted.org/packages/b3/49/ec46835a70be8fa6446c495126ac84fdb28cb2558e1620ffb87a10c8b64c/numpy-2.4.6-cp311-cp311-macosx_10_9_x86_64.whl", hash = "sha256:0280e0356c0829a18d9de1cb7eee50ec22ca639878d7240307ca0943d73cd2c4", size = 16969194, upload-time = "2026-05-18T23:33:13.503Z" },
    { url = "https://files.pythonhosted.org/packages/0e/0d/f5957185c0ee2f3e12f78715aa9e3b353fd83633316c8532b38faa37e3f6/numpy-2.4.6-cp311-cp311-macosx_11_0_arm64.whl", hash = "sha256:110f8b71aacb688ec69062bb7f6938a0f8acb01b7c1c4beb453c65b6d234584d", size = 14964111, upload-time = "2026-05-18T23:33:17.795Z" },
    { url = "https://files.pythonhosted.org/packages/ad/40/40a40ee0ddf7ceb782c49af278894b686e586d65d8c1889c8b5da01a3d7d/numpy-2.4.6-cp311-cp311-macosx_14_0_arm64.whl", hash = "sha256:4cfe66903cc32a9921a6733d96b19bb6abf310397581bbad89c228f5abaf0ee8", size = 5469159, upload-time = "2026-05-18T23:33:20.654Z" },
    { url = "https://files.pythonhosted.org/packages/63/13/f9a8046535cb21deae82f8d03de9617e08882d274fad2539630761888228/numpy-2.4.6-cp311-cp311-macosx_14_0_x86_64.whl", hash = "sha256:8155154c7c691289fe18f510b5d4657c68c67989f293f0535a91360392ff6538", size = 6798936, upload-time = "2026-05-18T23:33:22.987Z" },
    { url = "https://files.pythonhosted.org/packages/33/a8/6fa8c1a345a8c85dbb21932c447bee07c30a2c2a3f31e369c0a84b300147/numpy-2.4.6-cp311-cp311-manylinux_2_27_aarch64.manylinux_2_28_aarch64.whl", hash = "sha256:0ab0a9c4ffb1a6d95ef519fe4247dba8eb6b18ad93999f76b7f657039acabd47", size = 15966692, upload-time = "2026-05-18T23:33:26.62Z" },
    { url = "https://files.pythonhosted.org/packages/02/03/74fe2a4cb3817d94d86402f2506554130a2f01414e299b5a843e5a8a957f/numpy-2.4.6-cp311-cp311-manylinux_2_27_x86_64.manylinux_2_28_x86_64.whl", hash = "sha256:89cd468399cfd2504718f0ba50e410dca55a170b61a02ad92bb18c8a65186e93", size = 16918164, upload-time = "2026-05-18T23:33:29.955Z" },
    { url = "https://files.pythonhosted.org/packages/c5/80/3615be3313f7e7696609bc194b9f0101da809df79e859bdb84e0cd043f46/numpy-2.4.6-cp311-cp311-musllinux_1_2_aarch64.whl", hash = "sha256:c2d37ab77531417474168eb79d6d80b14f821a966818505d03013d0833edb7a8", size = 17322877, upload-time = "2026-05-18T23:33:34.724Z" },
    { url = "https://files.pythonhosted.org/packages/ca/ac/a691e0fe2675e370d0e08ff905adc49a1c8830e8cae03efe4477e92cd55d/numpy-2.4.6-cp311-cp311-musllinux_1_2_x86_64.whl", hash = "sha256:f407cb6b8e9d6d8c626bc73c945db1706035af8fd632295547bf1c9e46d092d6", size = 18651487, upload-time = "2026-05-18T23:33:38.217Z" },
    { url = "https://files.pythonhosted.org/packages/15/a7/9bc1cd626d7bf6869bfedf27b91b6ab5dd607758bf8e959d6fa80c6a59cb/numpy-2.4.6-cp311-cp311-win32.whl", hash = "sha256:ddea102b48f9e339f3948bf22040944184627a30fdf7f858667673b9c5f033c8", size = 6233945, upload-time = "2026-05-18T23:33:41.331Z" },
    { url = "https://files.pythonhosted.org/packages/c5/31/7fc6239c12bce7e931463251cca4426c465e1876ba3cc785402ef4dd8f4e/numpy-2.4.6-cp311-cp311-win_amd64.whl", hash = "sha256:1e254a00cdf42b1e4d5b3d68d33af63268d41340d8885df2ab6470f2e1500147", size = 12608406, upload-time = "2026-05-18T23:33:44.131Z" },
    { url = "https://files.pythonhosted.org/packages/27/83/140f85a466595a16382996a1bf06b2b54bcd597488921b0c9daaeeda72af/numpy-2.4.6-cp311-cp311-win_arm64.whl", hash = "sha256:ed9749eef4cbd126da3dc1d6bcb3a57f5eb7ac6a6484146bdbf743f552dfc577", size = 10479528, upload-time = "2026-05-18T23:33:50.725Z" },
    { url = "https://files.pythonhosted.org/packages/de/12/b422cc84439adc0d00de605bf4a308890ae5c26f2c71fbd73e5d08fbb0dd/numpy-2.4.6-pp311-pypy311_pp73-macosx_10_15_x86_64.whl", hash = "sha256:55cced7c52e981362f708ad635198e97a752dfba412cc03c23bbf3bd8d5cd662", size = 16847511, upload-time = "2026-05-18T23:36:50.673Z" },
    { url = "https://files.pythonhosted.org/packages/44/53/f481bef68011740f8849418d82db07230e825013f31f4eef5ba5b805316a/numpy-2.4.6-pp311-pypy311_pp73-macosx_11_0_arm64.whl", hash = "sha256:d6da64deb6b8ed903e7560180a92f2d804ee1ba5eeb849ac2748b8c1aba1f6d7", size = 14889064, upload-time = "2026-05-18T23:36:53.879Z" },
    { url = "https://files.pythonhosted.org/packages/7f/57/42ed575c10ced8af951d426bc4e1f8aff16fd851db33f067036215a7f860/numpy-2.4.6-pp311-pypy311_pp73-macosx_14_0_arm64.whl", hash = "sha256:68a5124b13fa6cc2086764a20005d30bc0548146f7f5322f02fce212ca14317f", size = 5394157, upload-time = "2026-05-18T23:36:57.194Z" },
    { url = "https://files.pythonhosted.org/packages/6a/ef/f66cc724fcc36c1e364c67f51ae9146090b8b584f27d58b97fdae3edd737/numpy-2.4.6-pp311-pypy311_pp73-macosx_14_0_x86_64.whl", hash = "sha256:948424b06129ce883307e8cff868c31396d8dc7630a59c61d70d98dbe70f222c", size = 6708728, upload-time = "2026-05-18T23:36:59.575Z" },
    { url = "https://files.pythonhosted.org/packages/1a/9c/c531f2293b91265d8b48e9b329f54fdd7ffae73cb4134ea10cca4237e9cc/numpy-2.4.6-pp311-pypy311_pp73-manylinux_2_27_aarch64.manylinux_2_28_aarch64.whl", hash = "sha256:5dbbdb29840ca3d91ee0fece42fc29278886d908280bfec0a5846c6f901a3eb0", size = 15798374, upload-time = "2026-05-18T23:37:02.674Z" },
    { url = "https://files.pythonhosted.org/packages/1a/b0/413077f6b1153ed3cba361401c6783bbad6114804a000cc22eb71c13e190/numpy-2.4.6-pp311-pypy311_pp73-manylinux_2_27_x86_64.manylinux_2_28_x86_64.whl", hash = "sha256:8ad03c0965fb3c692200e74d458ca28c1dbb4ce96f9a479a8aa041ad5fabca02", size = 16747286, upload-time = "2026-05-18T23:37:06.327Z" },
    { url = "https://files.pythonhosted.org/packages/15/ce/e5ec180bc41812edcd8daeb8639d205622c0e8c02259d8ab25a0201b3c2a/numpy-2.4.6-pp311-pypy311_pp73-win_amd64.whl", hash = "sha256:2803abfebfc990042cd494d8ce2d5f82e9d847af6d35ec486923aa19dbad5e73", size = 12504263, upload-time = "2026-05-18T23:37:09.715Z" },
]

[[package]]
name = "opencv-python"
version = "4.13.0.92"
source = { registry = "https://pypi.org/simple" }
dependencies = [
    { name = "numpy" },
]
wheels = [
    { url = "https://files.pythonhosted.org/packages/fc/6f/5a28fef4c4a382be06afe3938c64cc168223016fa520c5abaf37e8862aa5/opencv_python-4.13.0.92-cp37-abi3-macosx_13_0_arm64.whl", hash = "sha256:caf60c071ec391ba51ed00a4a920f996d0b64e3e46068aac1f646b5de0326a19", size = 46247052, upload-time = "2026-02-05T07:01:25.046Z" },
    { url = "https://files.pythonhosted.org/packages/08/ac/6c98c44c650b8114a0fb901691351cfb3956d502e8e9b5cd27f4ee7fbf2f/opencv_python-4.13.0.92-cp37-abi3-macosx_14_0_x86_64.whl", hash = "sha256:5868a8c028a0b37561579bfb8ac1875babdc69546d236249fff296a8c010ccf9", size = 32568781, upload-time = "2026-02-05T07:01:41.379Z" },
    { url = "https://files.pythonhosted.org/packages/3e/51/82fed528b45173bf629fa44effb76dff8bc9f4eeaee759038362dfa60237/opencv_python-4.13.0.92-cp37-abi3-manylinux2014_aarch64.manylinux_2_17_aarch64.whl", hash = "sha256:0bc2596e68f972ca452d80f444bc404e08807d021fbba40df26b61b18e01838a", size = 47685527, upload-time = "2026-02-05T06:59:11.24Z" },
    { url = "https://files.pythonhosted.org/packages/db/07/90b34a8e2cf9c50fe8ed25cac9011cde0676b4d9d9c973751ac7616223a2/opencv_python-4.13.0.92-cp37-abi3-manylinux2014_x86_64.manylinux_2_17_x86_64.whl", hash = "sha256:402033cddf9d294693094de5ef532339f14ce821da3ad7df7c9f6e8316da32cf", size = 70460872, upload-time = "2026-02-05T06:59:19.162Z" },
    { url = "https://files.pythonhosted.org/packages/02/6d/7a9cc719b3eaf4377b9c2e3edeb7ed3a81de41f96421510c0a169ca3cfd4/opencv_python-4.13.0.92-cp37-abi3-manylinux_2_28_aarch64.whl", hash = "sha256:bccaabf9eb7f897ca61880ce2869dcd9b25b72129c28478e7f2a5e8dee945616", size = 46708208, upload-time = "2026-02-05T06:59:15.419Z" },
    { url = "https://files.pythonhosted.org/packages/fd/55/b3b49a1b97aabcfbbd6c7326df9cb0b6fa0c0aefa8e89d500939e04aa229/opencv_python-4.13.0.92-cp37-abi3-manylinux_2_28_x86_64.whl", hash = "sha256:620d602b8f7d8b8dab5f4b99c6eb353e78d3fb8b0f53db1bd258bb1aa001c1d5", size = 72927042, upload-time = "2026-02-05T06:59:23.389Z" },
    { url = "https://files.pythonhosted.org/packages/fb/17/de5458312bcb07ddf434d7bfcb24bb52c59635ad58c6e7c751b48949b009/opencv_python-4.13.0.92-cp37-abi3-win32.whl", hash = "sha256:372fe164a3148ac1ca51e5f3ad0541a4a276452273f503441d718fab9c5e5f59", size = 30932638, upload-time = "2026-02-05T07:02:14.98Z" },
    { url = "https://files.pythonhosted.org/packages/e9/a5/1be1516390333ff9be3a9cb648c9f33df79d5096e5884b5df71a588af463/opencv_python-4.13.0.92-cp37-abi3-win_amd64.whl", hash = "sha256:423d934c9fafb91aad38edf26efb46da91ffbc05f3f59c4b0c72e699720706f5", size = 40212062, upload-time = "2026-02-05T07:02:12.724Z" },
]

[[package]]
name = "pillow"
version = "12.2.0"
source = { registry = "https://pypi.org/simple" }
sdist = { url = "https://files.pythonhosted.org/packages/8c/21/c2bcdd5906101a30244eaffc1b6e6ce71a31bd0742a01eb89e660ebfac2d/pillow-12.2.0.tar.gz", hash = "sha256:a830b1a40919539d07806aa58e1b114df53ddd43213d9c8b75847eee6c0182b5", size = 46987819, upload-time = "2026-04-01T14:46:17.687Z" }
wheels = [
    { url = "https://files.pythonhosted.org/packages/68/e1/748f5663efe6edcfc4e74b2b93edfb9b8b99b67f21a854c3ae416500a2d9/pillow-12.2.0-cp311-cp311-macosx_10_10_x86_64.whl", hash = "sha256:8be29e59487a79f173507c30ddf57e733a357f67881430449bb32614075a40ab", size = 5354347, upload-time = "2026-04-01T14:42:44.255Z" },
    { url = "https://files.pythonhosted.org/packages/47/a1/d5ff69e747374c33a3b53b9f98cca7889fce1fd03d79cdc4e1bccc6c5a87/pillow-12.2.0-cp311-cp311-macosx_11_0_arm64.whl", hash = "sha256:71cde9a1e1551df7d34a25462fc60325e8a11a82cc2e2f54578e5e9a1e153d65", size = 4695873, upload-time = "2026-04-01T14:42:46.452Z" },
    { url = "https://files.pythonhosted.org/packages/df/21/e3fbdf54408a973c7f7f89a23b2cb97a7ef30c61ab4142af31eee6aebc88/pillow-12.2.0-cp311-cp311-manylinux2014_aarch64.manylinux_2_17_aarch64.whl", hash = "sha256:f490f9368b6fc026f021db16d7ec2fbf7d89e2edb42e8ec09d2c60505f5729c7", size = 6280168, upload-time = "2026-04-01T14:42:49.228Z" },
    { url = "https://files.pythonhosted.org/packages/d3/f1/00b7278c7dd52b17ad4329153748f87b6756ec195ff786c2bdf12518337d/pillow-12.2.0-cp311-cp311-manylinux2014_x86_64.manylinux_2_17_x86_64.whl", hash = "sha256:8bd7903a5f2a4545f6fd5935c90058b89d30045568985a71c79f5fd6edf9b91e", size = 8088188, upload-time = "2026-04-01T14:42:51.735Z" },
    { url = "https://files.pythonhosted.org/packages/ad/cf/220a5994ef1b10e70e85748b75649d77d506499352be135a4989c957b701/pillow-12.2.0-cp311-cp311-manylinux_2_27_aarch64.manylinux_2_28_aarch64.whl", hash = "sha256:3997232e10d2920a68d25191392e3a4487d8183039e1c74c2297f00ed1c50705", size = 6394401, upload-time = "2026-04-01T14:42:54.343Z" },
    { url = "https://files.pythonhosted.org/packages/e9/bd/e51a61b1054f09437acfbc2ff9106c30d1eb76bc1453d428399946781253/pillow-12.2.0-cp311-cp311-manylinux_2_27_x86_64.manylinux_2_28_x86_64.whl", hash = "sha256:e74473c875d78b8e9d5da2a70f7099549f9eb37ded4e2f6a463e60125bccd176", size = 7079655, upload-time = "2026-04-01T14:42:56.954Z" },
    { url = "https://files.pythonhosted.org/packages/6b/3d/45132c57d5fb4b5744567c3817026480ac7fc3ce5d4c47902bc0e7f6f853/pillow-12.2.0-cp311-cp311-musllinux_1_2_aarch64.whl", hash = "sha256:56a3f9c60a13133a98ecff6197af34d7824de9b7b38c3654861a725c970c197b", size = 6503105, upload-time = "2026-04-01T14:42:59.847Z" },
    { url = "https://files.pythonhosted.org/packages/7d/2e/9df2fc1e82097b1df3dce58dc43286aa01068e918c07574711fcc53e6fb4/pillow-12.2.0-cp311-cp311-musllinux_1_2_x86_64.whl", hash = "sha256:90e6f81de50ad6b534cab6e5aef77ff6e37722b2f5d908686f4a5c9eba17a909", size = 7203402, upload-time = "2026-04-01T14:43:02.664Z" },
    { url = "https://files.pythonhosted.org/packages/bd/2e/2941e42858ebb67e50ae741473de81c2984e6eff7b397017623c676e2e8d/pillow-12.2.0-cp311-cp311-win32.whl", hash = "sha256:8c984051042858021a54926eb597d6ee3012393ce9c181814115df4c60b9a808", size = 6378149, upload-time = "2026-04-01T14:43:05.274Z" },
    { url = "https://files.pythonhosted.org/packages/69/42/836b6f3cd7f3e5fa10a1f1a5420447c17966044c8fbf589cc0452d5502db/pillow-12.2.0-cp311-cp311-win_amd64.whl", hash = "sha256:6e6b2a0c538fc200b38ff9eb6628228b77908c319a005815f2dde585a0664b60", size = 7082626, upload-time = "2026-04-01T14:43:08.557Z" },
    { url = "https://files.pythonhosted.org/packages/c2/88/549194b5d6f1f494b485e493edc6693c0a16f4ada488e5bd974ed1f42fad/pillow-12.2.0-cp311-cp311-win_arm64.whl", hash = "sha256:9a8a34cc89c67a65ea7437ce257cea81a9dad65b29805f3ecee8c8fe8ff25ffe", size = 2463531, upload-time = "2026-04-01T14:43:10.743Z" },
    { url = "https://files.pythonhosted.org/packages/4e/b7/2437044fb910f499610356d1352e3423753c98e34f915252aafecc64889f/pillow-12.2.0-pp311-pypy311_pp73-macosx_10_15_x86_64.whl", hash = "sha256:0538bd5e05efec03ae613fd89c4ce0368ecd2ba239cc25b9f9be7ed426b0af1f", size = 5273969, upload-time = "2026-04-01T14:45:55.538Z" },
    { url = "https://files.pythonhosted.org/packages/f6/f4/8316e31de11b780f4ac08ef3654a75555e624a98db1056ecb2122d008d5a/pillow-12.2.0-pp311-pypy311_pp73-macosx_11_0_arm64.whl", hash = "sha256:394167b21da716608eac917c60aa9b969421b5dcbbe02ae7f013e7b85811c69d", size = 4659674, upload-time = "2026-04-01T14:45:58.093Z" },
    { url = "https://files.pythonhosted.org/packages/d4/37/664fca7201f8bb2aa1d20e2c3d5564a62e6ae5111741966c8319ca802361/pillow-12.2.0-pp311-pypy311_pp73-manylinux2014_aarch64.manylinux_2_17_aarch64.whl", hash = "sha256:5d04bfa02cc2d23b497d1e90a0f927070043f6cbf303e738300532379a4b4e0f", size = 5288479, upload-time = "2026-04-01T14:46:01.141Z" },
    { url = "https://files.pythonhosted.org/packages/49/62/5b0ed78fce87346be7a5cfcfaaad91f6a1f98c26f86bdbafa2066c647ef6/pillow-12.2.0-pp311-pypy311_pp73-manylinux2014_x86_64.manylinux_2_17_x86_64.whl", hash = "sha256:0c838a5125cee37e68edec915651521191cef1e6aa336b855f495766e77a366e", size = 7032230, upload-time = "2026-04-01T14:46:03.874Z" },
    { url = "https://files.pythonhosted.org/packages/c3/28/ec0fc38107fc32536908034e990c47914c57cd7c5a3ece4d8d8f7ffd7e27/pillow-12.2.0-pp311-pypy311_pp73-manylinux_2_27_aarch64.manylinux_2_28_aarch64.whl", hash = "sha256:4a6c9fa44005fa37a91ebfc95d081e8079757d2e904b27103f4f5fa6f0bf78c0", size = 5355404, upload-time = "2026-04-01T14:46:06.33Z" },
    { url = "https://files.pythonhosted.org/packages/5e/8b/51b0eddcfa2180d60e41f06bd6d0a62202b20b59c68f5a132e615b75aecf/pillow-12.2.0-pp311-pypy311_pp73-manylinux_2_27_x86_64.manylinux_2_28_x86_64.whl", hash = "sha256:25373b66e0dd5905ed63fa3cae13c82fbddf3079f2c8bf15c6fb6a35586324c1", size = 6002215, upload-time = "2026-04-01T14:46:08.83Z" },
    { url = "https://files.pythonhosted.org/packages/bc/60/5382c03e1970de634027cee8e1b7d39776b778b81812aaf45b694dfe9e28/pillow-12.2.0-pp311-pypy311_pp73-win_amd64.whl", hash = "sha256:bfa9c230d2fe991bed5318a5f119bd6780cda2915cca595393649fc118ab895e", size = 7080946, upload-time = "2026-04-01T14:46:11.734Z" },
]

[[package]]
name = "posix-ipc"
version = "1.3.2"
source = { registry = "https://pypi.org/simple" }
sdist = { url = "https://files.pythonhosted.org/packages/40/59/56be08bcd98bcb8bd2ec3de7dea4a8da3bde63b17974896ed2b91c9a4fb7/posix_ipc-1.3.2.tar.gz", hash = "sha256:6923232111329954a8349f7d99f212b6e96b5206e77fbd39aaf1b3cb4a5e9260", size = 99370, upload-time = "2025-10-23T02:14:37.234Z" }
wheels = [
    { url = "https://files.pythonhosted.org/packages/ba/9d/9bef017527213967b1fca5493c55efb0c7a6818164d6e38eb3b64eea615f/posix_ipc-1.3.2-cp311-cp311-macosx_10_9_x86_64.whl", hash = "sha256:efc6bcf610a75491d37c14503e60b741a2059f21706f899667f36a96fe725d72", size = 11746, upload-time = "2025-10-23T02:13:33.232Z" },
    { url = "https://files.pythonhosted.org/packages/0a/7b/c0ce505a5899551244df2f4fefb40815b8eb79a0e093c8858f4be18211f6/posix_ipc-1.3.2-cp311-cp311-macosx_11_0_arm64.whl", hash = "sha256:1f955824f05df4abff75e86faae3e0e6d369fda2d1ef5425553b207f981c4df4", size = 12052, upload-time = "2025-10-23T02:13:33.892Z" },
    { url = "https://files.pythonhosted.org/packages/12/22/7e84ccb03e1c9b55f9d972452de4738e52d40feba23b4569de0b7972b768/posix_ipc-1.3.2-cp311-cp311-manylinux_2_17_aarch64.manylinux2014_aarch64.whl", hash = "sha256:8e30eb7b65f9d2a3da75cea0c9bfe32be285808744ce05379f8d037a29a782ec", size = 52079, upload-time = "2025-10-23T02:13:34.642Z" },
    { url = "https://files.pythonhosted.org/packages/93/ef/18db319351c9c34e80ad1277f5bdf4a3418aca633d493164a7c8deaedd3b/posix_ipc-1.3.2-cp311-cp311-manylinux_2_5_i686.manylinux1_i686.manylinux_2_17_i686.manylinux2014_i686.whl", hash = "sha256:884b33c684615070b609faadc4920329f63d09441ec237e9e3747893842021f6", size = 48253, upload-time = "2025-10-23T02:13:35.799Z" },
    { url = "https://files.pythonhosted.org/packages/7c/60/5ae63b0d3a614b77fc3d2b015a5322cae05f1439c24ef6585359aa7bbf83/posix_ipc-1.3.2-cp311-cp311-manylinux_2_5_x86_64.manylinux1_x86_64.manylinux_2_17_x86_64.manylinux2014_x86_64.whl", hash = "sha256:95042c14254c80c320f4fad037789fa62693562a275ff266c8672f276b73fcd2", size = 52601, upload-time = "2025-10-23T02:13:37.044Z" },
    { url = "https://files.pythonhosted.org/packages/74/03/c79aab8ab67471eab56b321b7b5b4f9c3232cdd5943dd5f2ae2cc1407249/posix_ipc-1.3.2-cp311-cp311-musllinux_1_2_aarch64.whl", hash = "sha256:4ab0945a1c48b82a1ad337f4ebac2db5c7b32b84f0654df57b3a8d9e6507d6fd", size = 50853, upload-time = "2025-10-23T02:13:37.858Z" },
    { url = "https://files.pythonhosted.org/packages/31/bb/86f0bb2d262620252c30793568d4e268e77c9cc25edfaa6508a1984a81c0/posix_ipc-1.3.2-cp311-cp311-musllinux_1_2_i686.whl", hash = "sha256:a4f2e336ac3e7daeeeff9c9798ec84e3c5290ee156e5f009a2b97b5cf3d73f3f", size = 47769, upload-time = "2025-10-23T02:13:38.968Z" },
    { url = "https://files.pythonhosted.org/packages/2e/0f/a91b1dcf592fdc9c07a147bd7eb79090b04cdf058489b1f60d98ec7f059c/posix_ipc-1.3.2-cp311-cp311-musllinux_1_2_x86_64.whl", hash = "sha256:2f4054536dccbf361902c387a0c051b19e6ade795a900fa5066d017d7f864181", size = 50804, upload-time = "2025-10-23T02:13:40.209Z" },
    { url = "https://files.pythonhosted.org/packages/fe/50/20f8698647123e1435669f9632989cf777ed36255125f3568dcd1b0d449b/posix_ipc-1.3.2-pp311-pypy311_pp73-macosx_10_15_x86_64.whl", hash = "sha256:73a4f708dd93213996b8042e5b0c7343394e6add074850987c99ee3693ccc27f", size = 11329, upload-time = "2025-10-23T02:14:20.837Z" },
    { url = "https://files.pythonhosted.org/packages/ed/fb/9008896fc58b5f4027d23851edec3943d32671317781187a94c8b402faa6/posix_ipc-1.3.2-pp311-pypy311_pp73-macosx_11_0_arm64.whl", hash = "sha256:043f563f825cecb85b42ce03f5095a1c5180ac1357e5c772bb629b403f914cca", size = 11540, upload-time = "2025-10-23T02:14:21.656Z" },
    { url = "https://files.pythonhosted.org/packages/ae/4e/a05f0ad66e8e4854ad237a32f339a045ae783b0dc2a573b9e088fbce9570/posix_ipc-1.3.2-pp311-pypy311_pp73-manylinux_2_17_aarch64.manylinux2014_aarch64.whl", hash = "sha256:fd5dd64f3c15c272ec3c1c3f8caaa5816091a7abc52ae6aab3b710d168da6068", size = 19693, upload-time = "2025-10-23T02:14:22.323Z" },
    { url = "https://files.pythonhosted.org/packages/1a/83/d236ce3d6305069f8832227ca6127278bf40dfae3c2eb751f37d5ad6a328/posix_ipc-1.3.2-pp311-pypy311_pp73-manylinux_2_5_i686.manylinux1_i686.manylinux_2_17_i686.manylinux2014_i686.whl", hash = "sha256:ac4f29d4f0b2e256708a459dc3e7bdaf6c0b01327ed3b2b75495f555baeacfb9", size = 20760, upload-time = "2025-10-23T02:14:23.072Z" },
    { url = "https://files.pythonhosted.org/packages/03/ed/0da690daf64a194a4c0e86ce077a8d0a7aadccb411ea1fdc373fdd2f4f37/posix_ipc-1.3.2-pp311-pypy311_pp73-manylinux_2_5_x86_64.manylinux1_x86_64.manylinux_2_17_x86_64.manylinux2014_x86_64.whl", hash = "sha256:0eeef0780d2408deebc97f0a0bca54bfe3586581addbc15b05a228c70f5a5cdf", size = 20281, upload-time = "2025-10-23T02:14:23.806Z" },
]

[[package]]
name = "pydantic"
version = "2.13.4"
source = { registry = "https://pypi.org/simple" }
dependencies = [
    { name = "annotated-types" },
    { name = "pydantic-core" },
    { name = "typing-extensions" },
    { name = "typing-inspection" },
]
sdist = { url = "https://files.pythonhosted.org/packages/18/a5/b60d21ac674192f8ab0ba4e9fd860690f9b4a6e51ca5df118733b487d8d6/pydantic-2.13.4.tar.gz", hash = "sha256:c40756b57adaa8b1efeeced5c196f3f3b7c435f90e84ea7f443901bec8099ef6", size = 844775, upload-time = "2026-05-06T13:43:05.343Z" }
wheels = [
    { url = "https://files.pythonhosted.org/packages/fd/7b/122376b1fd3c62c1ed9dc80c931ace4844b3c55407b6fb2d199377c9736f/pydantic-2.13.4-py3-none-any.whl", hash = "sha256:45a282cde31d808236fd7ea9d919b128653c8b38b393d1c4ab335c62924d9aba", size = 472262, upload-time = "2026-05-06T13:43:02.641Z" },
]

[[package]]
name = "pydantic-core"
version = "2.46.4"
source = { registry = "https://pypi.org/simple" }
dependencies = [
    { name = "typing-extensions" },
]
sdist = { url = "https://files.pythonhosted.org/packages/9d/56/921726b776ace8d8f5db44c4ef961006580d91dc52b803c489fafd1aa249/pydantic_core-2.46.4.tar.gz", hash = "sha256:62f875393d7f270851f20523dd2e29f082bcc82292d66db2b64ea71f64b6e1c1", size = 471464, upload-time = "2026-05-06T13:37:06.98Z" }
wheels = [
    { url = "https://files.pythonhosted.org/packages/5c/fa/6d7708d2cfc1a832acb6aeb0cd16e801902df8a0f583bb3b4b527fde022e/pydantic_core-2.46.4-cp311-cp311-macosx_10_12_x86_64.whl", hash = "sha256:0e96592440881c74a213e5ad528e2b24d3d4f940de2766bed9010ab1d9e51594", size = 2111872, upload-time = "2026-05-06T13:40:27.596Z" },
    { url = "https://files.pythonhosted.org/packages/ae/6f/aa064a3e74b5745afbdf250594f38e7ead05e2d651bcb35994b9417a0d4d/pydantic_core-2.46.4-cp311-cp311-macosx_11_0_arm64.whl", hash = "sha256:e0d65b8c354be7fb5f720c3caa8bc940bc2d20ce749c8e06135f07f8ed95dd7c", size = 1948255, upload-time = "2026-05-06T13:39:12.574Z" },
    { url = "https://files.pythonhosted.org/packages/43/3a/41114a9f7569b84b4d84e7a018c57c56347dac30c0d4a872946ec4e36c46/pydantic_core-2.46.4-cp311-cp311-manylinux_2_17_aarch64.manylinux2014_aarch64.whl", hash = "sha256:7bfb192b3f4b9e8a89b6277b6ce787564f62cfd272055f6e685726b111dc7826", size = 1972827, upload-time = "2026-05-06T13:38:19.841Z" },
    { url = "https://files.pythonhosted.org/packages/ef/25/1ab42e8048fe551934d9884e8d64daa7e990ad386f310a15981aeb6a5b08/pydantic_core-2.46.4-cp311-cp311-manylinux_2_17_armv7l.manylinux2014_armv7l.whl", hash = "sha256:9037063db01f09b09e237c282b6792bd4da634b5402c4e7f0c61effed7701a04", size = 2041051, upload-time = "2026-05-06T13:38:10.447Z" },
    { url = "https://files.pythonhosted.org/packages/94/c2/1a934597ddf08da410385b3b7aae91956a5a76c635effef456074fad7e88/pydantic_core-2.46.4-cp311-cp311-manylinux_2_17_ppc64le.manylinux2014_ppc64le.whl", hash = "sha256:fc010ab034c8c7452522748bf937df58020d256ccae0874463d1f4d01758af8e", size = 2221314, upload-time = "2026-05-06T13:40:13.089Z" },
    { url = "https://files.pythonhosted.org/packages/02/6d/9e8ad178c9c4df27ad3c8f25d1fe2a7ab0d2ba0559fad4aee5d3d1f16771/pydantic_core-2.46.4-cp311-cp311-manylinux_2_17_s390x.manylinux2014_s390x.whl", hash = "sha256:8c5dac79fa1614d1e06ca695109c6105923bd9c7d1d6c918d4e637b7e6b32fd3", size = 2285146, upload-time = "2026-05-06T13:38:59.224Z" },
    { url = "https://files.pythonhosted.org/packages/80/50/540cd3aeefc041beb111125c4bff779831a2111fc6b15a9138cda277d32c/pydantic_core-2.46.4-cp311-cp311-manylinux_2_17_x86_64.manylinux2014_x86_64.whl", hash = "sha256:f9fa868638bf362d3d138ea55829cefb3d5f4b0d7f142234382a15e2485dbec4", size = 2089685, upload-time = "2026-05-06T13:38:17.762Z" },
    { url = "https://files.pythonhosted.org/packages/6b/a4/b440ad35f05f6a38f89fa0f149accb3f0e02be94ca5e15f3c449a61b4bc9/pydantic_core-2.46.4-cp311-cp311-manylinux_2_31_riscv64.whl", hash = "sha256:17299feefe090f2caa5b8e37222bb5f663e4935a8bfa6931d4102e5df1a9f398", size = 2115420, upload-time = "2026-05-06T13:37:58.195Z" },
    { url = "https://files.pythonhosted.org/packages/99/61/de4f55db8dfd57bfdfa9a12ec90fe1b57c4f41062f7ca86f08586b3e0ac0/pydantic_core-2.46.4-cp311-cp311-manylinux_2_5_i686.manylinux1_i686.whl", hash = "sha256:4c63ebc82684aa89d9a3bcbd13d515b3be44250dc68dd3bd81526c1cb31286c3", size = 2165122, upload-time = "2026-05-06T13:37:01.167Z" },
    { url = "https://files.pythonhosted.org/packages/f7/52/7c529d7bdb2d1068bd52f51fe32572c8301f9a4febf1948f10639f1436f5/pydantic_core-2.46.4-cp311-cp311-musllinux_1_1_aarch64.whl", hash = "sha256:aaa2a54443eff1950ba5ddc6b6ccda0d9c84a364276a62f969bdf2a390650848", size = 2182573, upload-time = "2026-05-06T13:38:45.04Z" },
    { url = "https://files.pythonhosted.org/packages/37/b3/7c40325848ba78247f2812dcf9c7274e38cd801820ca6dd9fe63bcfb0eb4/pydantic_core-2.46.4-cp311-cp311-musllinux_1_1_armv7l.whl", hash = "sha256:18e5ceec2ab67e6d5f1a9085e5a24c9c4e2ac4545730bfe668680bca05e555f3", size = 2317139, upload-time = "2026-05-06T13:37:15.539Z" },
    { url = "https://files.pythonhosted.org/packages/d9/37/f913f81a657c865b75da6c0dbed79876073c2a43b5bd9edbe8da785e4d49/pydantic_core-2.46.4-cp311-cp311-musllinux_1_1_x86_64.whl", hash = "sha256:a0f62d0a58f4e7da165457e995725421e0064f2255d8eccebc49f41bbc23b109", size = 2360433, upload-time = "2026-05-06T13:37:30.099Z" },
    { url = "https://files.pythonhosted.org/packages/c4/67/6acaa1be2567f9256b056d8477158cac7240813956ce86e49deae8e173b4/pydantic_core-2.46.4-cp311-cp311-win32.whl", hash = "sha256:041bde0a48fd37cf71cab1c9d56d3e8625a3793fef1f7dd232b3ff37e978ecda", size = 1985513, upload-time = "2026-05-06T13:38:15.669Z" },
    { url = "https://files.pythonhosted.org/packages/aa/e6/c505f83dfeda9a2e5c995cfd872949e4d05e12f7feb3dca72f633daefa94/pydantic_core-2.46.4-cp311-cp311-win_amd64.whl", hash = "sha256:6f2eeda33a839975441c86a4119e1383c50b47faf0cbb5176985565c6bb02c33", size = 2071114, upload-time = "2026-05-06T13:40:35.416Z" },
    { url = "https://files.pythonhosted.org/packages/0f/da/7a263a96d965d9d0df5e8de8a475f33495451117035b09acb110288c381f/pydantic_core-2.46.4-cp311-cp311-win_arm64.whl", hash = "sha256:14f4c5d6db102bd796a627bbb3a17b4cf4574b9ae861d8b7c9a9661c6dd3362d", size = 2044298, upload-time = "2026-05-06T13:38:29.754Z" },
    { url = "https://files.pythonhosted.org/packages/ee/a4/73995fd4ebbb46ba0ee51e6fa049b8f02c40daebb762208feda8a6b7894d/pydantic_core-2.46.4-graalpy311-graalpy242_311_native-macosx_10_12_x86_64.whl", hash = "sha256:14d4edf427bdcf950a8a02d7cb44a08614388dd6e1bdcbf4f67504fa7887da9c", size = 2111589, upload-time = "2026-05-06T13:37:10.817Z" },
    { url = "https://files.pythonhosted.org/packages/fb/7f/f37d3a5e8bfcc2e403f5c57a730f2d815693fb42119e8ea48b3789335af1/pydantic_core-2.46.4-graalpy311-graalpy242_311_native-macosx_11_0_arm64.whl", hash = "sha256:0ce40cd7b21210e99342afafbd4d0f76d784eb5b1d60f3bdc566be4983c6c73b", size = 1944552, upload-time = "2026-05-06T13:36:56.717Z" },
    { url = "https://files.pythonhosted.org/packages/15/3c/d7eb777b3ff43e8433a4efb39a17aa8fd98a4ee8561a24a67ef5db07b2d6/pydantic_core-2.46.4-graalpy311-graalpy242_311_native-manylinux_2_17_aarch64.manylinux2014_aarch64.whl", hash = "sha256:90884113d8b48f760e9587002789ddd741e76ab9f89518cd1e43b1f1a52ec44b", size = 1982984, upload-time = "2026-05-06T13:39:06.207Z" },
    { url = "https://files.pythonhosted.org/packages/63/87/70b9f40170a81afd55ca26c9b2acb25c20d64bcfbf888fafecb3ba077d4c/pydantic_core-2.46.4-graalpy311-graalpy242_311_native-manylinux_2_17_x86_64.manylinux2014_x86_64.whl", hash = "sha256:66ce7632c22d837c95301830e111ad0128a32b8207533b60896a96c4915192ea", size = 2138417, upload-time = "2026-05-06T13:39:45.476Z" },
    { url = "https://files.pythonhosted.org/packages/11/cb/428de0385b6c8d44b716feba566abfacfbd23ee3c4439faa789a1456242f/pydantic_core-2.46.4-pp311-pypy311_pp73-macosx_10_12_x86_64.whl", hash = "sha256:0c563b08bca408dc7f65f700633d8442fffb2421fc47b8101377e9fd65051ff0", size = 2112782, upload-time = "2026-05-06T13:37:04.016Z" },
    { url = "https://files.pythonhosted.org/packages/0b/b5/6a17bdadd0fc1f170adfd05a20d37c832f52b117b4d9131da1f41bb097ce/pydantic_core-2.46.4-pp311-pypy311_pp73-macosx_11_0_arm64.whl", hash = "sha256:db06ffe51636ffe9ca531fe9023dd64bdd794be8754cb5df57c5498ae5b518a7", size = 1952146, upload-time = "2026-05-06T13:39:43.092Z" },
    { url = "https://files.pythonhosted.org/packages/2a/dc/03734d80e362cd43ef65428e9de77c730ce7f2f11c60d2b1e1b39f0fbf99/pydantic_core-2.46.4-pp311-pypy311_pp73-manylinux_2_17_x86_64.manylinux2014_x86_64.whl", hash = "sha256:133878133d271ade3d41d1bfb2a45ec38dbdbda40bc065921c6b04e4630127e2", size = 2134492, upload-time = "2026-05-06T13:36:58.124Z" },
    { url = "https://files.pythonhosted.org/packages/de/df/5e5ffc085ed07cc22d298134d3d911c63e91f6a0eb91fe646750a3209910/pydantic_core-2.46.4-pp311-pypy311_pp73-manylinux_2_5_i686.manylinux1_i686.whl", hash = "sha256:9bc519fbf2b7578398853d815009ae5e4d4603d12f4e3f91da8c06852d3da3e9", size = 2156604, upload-time = "2026-05-06T13:37:49.88Z" },
    { url = "https://files.pythonhosted.org/packages/81/44/6e112a4253e56f5705467cbab7ab5e91ee7398ba3d56d358635958893d3e/pydantic_core-2.46.4-pp311-pypy311_pp73-musllinux_1_1_aarch64.whl", hash = "sha256:c7a7bd4e39e8e4c12c39cd480356842b6a8a06e41b23a55a5e3e191718838ddf", size = 2183828, upload-time = "2026-05-06T13:37:43.053Z" },
    { url = "https://files.pythonhosted.org/packages/ac/ad/5565071e937d8e752842ac241463944c9eb14c87e2d269f2658a5bd05e98/pydantic_core-2.46.4-pp311-pypy311_pp73-musllinux_1_1_armv7l.whl", hash = "sha256:d396ec2b979760aaf3218e76c24e65bd0aca24983298653b3a9d7a45f9e47b30", size = 2310000, upload-time = "2026-05-06T13:37:56.694Z" },
    { url = "https://files.pythonhosted.org/packages/4f/c3/66883a5cec183e7fba4d024b4cbbe61851a63750ef606b0afecc46d1f2bf/pydantic_core-2.46.4-pp311-pypy311_pp73-musllinux_1_1_x86_64.whl", hash = "sha256:86e1a4418c6cd97d60c95c71164158eaf7324fae7b0923264016baa993eba6fc", size = 2361286, upload-time = "2026-05-06T13:40:05.667Z" },
    { url = "https://files.pythonhosted.org/packages/4b/2d/69abac8f838090bbecd5df894befb2c2619e7996a98ddb949db9f3b93225/pydantic_core-2.46.4-pp311-pypy311_pp73-win_amd64.whl", hash = "sha256:d51026d73fcfd93610abc7b27789c26b313920fcfb20e27462d74a7f8b06e983", size = 2193071, upload-time = "2026-05-06T13:38:08.682Z" },
]

[[package]]
name = "pyturbojpeg"
version = "2.2.0"
source = { registry = "https://pypi.org/simple" }
dependencies = [
    { name = "numpy" },
]
sdist = { url = "https://files.pythonhosted.org/packages/d7/c6/efd96866c457f22d1e893f9ac67f17ff61a5661ad2a061da61657e9c4999/pyturbojpeg-2.2.0.tar.gz", hash = "sha256:aaf0305aa9627ce7fdb8f592eb5e0fce804e1bd87db49900bcf78d7d5138eb88", size = 32514, upload-time = "2026-02-21T02:49:46.505Z" }

[[package]]
name = "qrcode"
version = "8.2"
source = { registry = "https://pypi.org/simple" }
dependencies = [
    { name = "colorama", marker = "sys_platform == 'win32'" },
]
sdist = { url = "https://files.pythonhosted.org/packages/8f/b2/7fc2931bfae0af02d5f53b174e9cf701adbb35f39d69c2af63d4a39f81a9/qrcode-8.2.tar.gz", hash = "sha256:35c3f2a4172b33136ab9f6b3ef1c00260dd2f66f858f24d88418a015f446506c", size = 43317, upload-time = "2025-05-01T15:44:24.726Z" }
wheels = [
    { url = "https://files.pythonhosted.org/packages/dd/b8/d2d6d731733f51684bbf76bf34dab3b70a9148e8f2cef2bb544fccec681a/qrcode-8.2-py3-none-any.whl", hash = "sha256:16e64e0716c14960108e85d853062c9e8bba5ca8252c0b4d0231b9df4060ff4f", size = 45986, upload-time = "2025-05-01T15:44:22.781Z" },
]

[[package]]
name = "starlette"
version = "1.2.1"
source = { registry = "https://pypi.org/simple" }
dependencies = [
    { name = "anyio" },
    { name = "typing-extensions" },
]
sdist = { url = "https://files.pythonhosted.org/packages/25/44/ec35f1b6e83094b997da438a02c8c9b0ade2b1e84cfc48bd4656780760a6/starlette-1.2.1.tar.gz", hash = "sha256:9b9b5ebb992e67d6093741e63c2f59e4f6fff986f81163c087867bd7b924b3f6", size = 2701854, upload-time = "2026-05-31T01:07:51.847Z" }
wheels = [
    { url = "https://files.pythonhosted.org/packages/1c/54/196d0c1db10af76baa4f64894448505d60d3cdf70ef92cbb35f46a4e4c71/starlette-1.2.1-py3-none-any.whl", hash = "sha256:4de0082d08c8f6764a85a54cf1120d6939507a19905c7768acad2a9f875d2b89", size = 73350, upload-time = "2026-05-31T01:07:50.09Z" },
]

[[package]]
name = "typing-extensions"
version = "4.15.0"
source = { registry = "https://pypi.org/simple" }
sdist = { url = "https://files.pythonhosted.org/packages/72/94/1a15dd82efb362ac84269196e94cf00f187f7ed21c242792a923cdb1c61f/typing_extensions-4.15.0.tar.gz", hash = "sha256:0cea48d173cc12fa28ecabc3b837ea3cf6f38c6d1136f85cbaaf598984861466", size = 109391, upload-time = "2025-08-25T13:49:26.313Z" }
wheels = [
    { url = "https://files.pythonhosted.org/packages/18/67/36e9267722cc04a6b9f15c7f3441c2363321a3ea07da7ae0c0707beb2a9c/typing_extensions-4.15.0-py3-none-any.whl", hash = "sha256:f0fa19c6845758ab08074a0cfa8b7aecb71c999ca73d62883bc25cc018c4e548", size = 44614, upload-time = "2025-08-25T13:49:24.86Z" },
]

[[package]]
name = "typing-inspection"
version = "0.4.2"
source = { registry = "https://pypi.org/simple" }
dependencies = [
    { name = "typing-extensions" },
]
sdist = { url = "https://files.pythonhosted.org/packages/55/e3/70399cb7dd41c10ac53367ae42139cf4b1ca5f36bb3dc6c9d33acdb43655/typing_inspection-0.4.2.tar.gz", hash = "sha256:ba561c48a67c5958007083d386c3295464928b01faa735ab8547c5692e87f464", size = 75949, upload-time = "2025-10-01T02:14:41.687Z" }
wheels = [
    { url = "https://files.pythonhosted.org/packages/dc/9b/47798a6c91d8bdb567fe2698fe81e0c6b7cb7ef4d13da4114b41d239f65d/typing_inspection-0.4.2-py3-none-any.whl", hash = "sha256:4ed1cacbdc298c220f1bd249ed5287caa16f34d44ef4e9c3d0cbad5b521545e7", size = 14611, upload-time = "2025-10-01T02:14:40.154Z" },
]

[[package]]
name = "uvicorn"
version = "0.48.0"
source = { registry = "https://pypi.org/simple" }
dependencies = [
    { name = "click" },
    { name = "h11" },
]
sdist = { url = "https://files.pythonhosted.org/packages/e6/bf/f6544ba992ddb9a6077343a576f9844f7f8f06ab819aefd00206e9255f18/uvicorn-0.48.0.tar.gz", hash = "sha256:a5504207195d08c2511bf9125ede5ac4a4b71725d519e758d01dcf0bc2d31c37", size = 91074, upload-time = "2026-05-24T12:08:41.925Z" }
wheels = [
    { url = "https://files.pythonhosted.org/packages/01/be/72532be3da7acc5fdfbccdb95215cd04f995a0886532a5b423f929cda4cc/uvicorn-0.48.0-py3-none-any.whl", hash = "sha256:48097851328b87ec36117d3d575234519eb58c2b22d79666e9bbc6c49a761dad", size = 71410, upload-time = "2026-05-24T12:08:40.258Z" },
]

[[package]]
name = "v4l2-python3"
version = "0.3.5"
source = { registry = "https://pypi.org/simple" }
sdist = { url = "https://files.pythonhosted.org/packages/7a/d3/fa1e69c4f1902772e385660008d0b6f7108cc6de1365cc2aea680d34af2a/v4l2-python3-0.3.5.tar.gz", hash = "sha256:e7e24739c1816d64a82929b81781ada4e5640974157a39585ad2e02dfdb102fd", size = 26696, upload-time = "2024-08-27T12:50:40.791Z" }
wheels = [
    { url = "https://files.pythonhosted.org/packages/5e/1b/cb6083c07c8e87d657069526cfb09a8203af7a83e6d4445a943cc90523d0/v4l2_python3-0.3.5-py3-none-any.whl", hash = "sha256:5a6f88c0b5101dd11c6093599adb75d0d42179cf8e9789925f201338294c1f54", size = 22624, upload-time = "2024-08-27T12:50:38.876Z" },
]
